// !$*UTF8*$!
{
	archiveVersion = 1;
	classes = {
	};
	objectVersion = 50;
	objects = {

/* Begin PBXBuildFile section */
		60309A512670F1DF00047AD5 /* AppDelegate.swift in Sources */ = {isa = PBXBuildFile; fileRef = 60309A502670F1DF00047AD5 /* AppDelegate.swift */; };
		60309A532670F1DF00047AD5 /* SceneDelegate.swift in Sources */ = {isa = PBXBuildFile; fileRef = 60309A522670F1DF00047AD5 /* SceneDelegate.swift */; };
		60309A552670F1DF00047AD5 /* ViewController.swift in Sources */ = {isa = PBXBuildFile; fileRef = 60309A542670F1DF00047AD5 /* ViewController.swift */; };
		60309A582670F1DF00047AD5 /* Main.storyboard in Resources */ = {isa = PBXBuildFile; fileRef = 60309A562670F1DF00047AD5 /* Main.storyboard */; };
		60309A5A2670F1E000047AD5 /* Assets.xcassets in Resources */ = {isa = PBXBuildFile; fileRef = 60309A592670F1E000047AD5 /* Assets.xcassets */; };
		60309A5D2670F1E000047AD5 /* LaunchScreen.storyboard in Resources */ = {isa = PBXBuildFile; fileRef = 60309A5B2670F1E000047AD5 /* LaunchScreen.storyboard */; };
		60309A682670F1E000047AD5 /* ShoppingListTests.swift in Sources */ = {isa = PBXBuildFile; fileRef = 60309A672670F1E000047AD5 /* ShoppingListTests.swift */; };
		60309A732670F1E000047AD5 /* ShoppingListUITests.swift in Sources */ = {isa = PBXBuildFile; fileRef = 60309A722670F1E000047AD5 /* ShoppingListUITests.swift */; };
		60DA7C612672566400DB6488 /* ShoppingListDataModel.xcdatamodeld in Sources */ = {isa = PBXBuildFile; fileRef = 60DA7C5F2672566400DB6488 /* ShoppingListDataModel.xcdatamodeld */; };
		60DA7CA326725D7400DB6488 /* ProductList+CoreDataClass.swift in Sources */ = {isa = PBXBuildFile; fileRef = 60DA7CA126725D7400DB6488 /* ProductList+CoreDataClass.swift */; };
		60DA7CA426725D7400DB6488 /* ProductList+CoreDataProperties.swift in Sources */ = {isa = PBXBuildFile; fileRef = 60DA7CA226725D7400DB6488 /* ProductList+CoreDataProperties.swift */; };
/* End PBXBuildFile section */

/* Begin PBXContainerItemProxy section */
		60309A642670F1E000047AD5 /* PBXContainerItemProxy */ = {
			isa = PBXContainerItemProxy;
			containerPortal = 60309A452670F1DE00047AD5 /* Project object */;
			proxyType = 1;
			remoteGlobalIDString = 60309A4C2670F1DF00047AD5;
			remoteInfo = ShoppingList;
		};
		60309A6F2670F1E000047AD5 /* PBXContainerItemProxy */ = {
			isa = PBXContainerItemProxy;
			containerPortal = 60309A452670F1DE00047AD5 /* Project object */;
			proxyType = 1;
			remoteGlobalIDString = 60309A4C2670F1DF00047AD5;
			remoteInfo = ShoppingList;
		};
/* End PBXContainerItemProxy section */

/* Begin PBXFileReference section */
		60309A4D2670F1DF00047AD5 /* ShoppingList.app */ = {isa = PBXFileReference; explicitFileType = wrapper.application; includeInIndex = 0; path = ShoppingList.app; sourceTree = BUILT_PRODUCTS_DIR; };
		60309A502670F1DF00047AD5 /* AppDelegate.swift */ = {isa = PBXFileReference; lastKnownFileType = sourcecode.swift; path = AppDelegate.swift; sourceTree = "<group>"; };
		60309A522670F1DF00047AD5 /* SceneDelegate.swift */ = {isa = PBXFileReference; lastKnownFileType = sourcecode.swift; path = SceneDelegate.swift; sourceTree = "<group>"; };
		60309A542670F1DF00047AD5 /* ViewController.swift */ = {isa = PBXFileReference; lastKnownFileType = sourcecode.swift; path = ViewController.swift; sourceTree = "<group>"; };
		60309A572670F1DF00047AD5 /* Base */ = {isa = PBXFileReference; lastKnownFileType = file.storyboard; name = Base; path = Base.lproj/Main.storyboard; sourceTree = "<group>"; };
		60309A592670F1E000047AD5 /* Assets.xcassets */ = {isa = PBXFileReference; lastKnownFileType = folder.assetcatalog; path = Assets.xcassets; sourceTree = "<group>"; };
		60309A5C2670F1E000047AD5 /* Base */ = {isa = PBXFileReference; lastKnownFileType = file.storyboard; name = Base; path = Base.lproj/LaunchScreen.storyboard; sourceTree = "<group>"; };
		60309A5E2670F1E000047AD5 /* Info.plist */ = {isa = PBXFileReference; lastKnownFileType = text.plist.xml; path = Info.plist; sourceTree = "<group>"; };
		60309A632670F1E000047AD5 /* ShoppingListTests.xctest */ = {isa = PBXFileReference; explicitFileType = wrapper.cfbundle; includeInIndex = 0; path = ShoppingListTests.xctest; sourceTree = BUILT_PRODUCTS_DIR; };
		60309A672670F1E000047AD5 /* ShoppingListTests.swift */ = {isa = PBXFileReference; lastKnownFileType = sourcecode.swift; path = ShoppingListTests.swift; sourceTree = "<group>"; };
		60309A692670F1E000047AD5 /* Info.plist */ = {isa = PBXFileReference; lastKnownFileType = text.plist.xml; path = Info.plist; sourceTree = "<group>"; };
		60309A6E2670F1E000047AD5 /* ShoppingListUITests.xctest */ = {isa = PBXFileReference; explicitFileType = wrapper.cfbundle; includeInIndex = 0; path = ShoppingListUITests.xctest; sourceTree = BUILT_PRODUCTS_DIR; };
		60309A722670F1E000047AD5 /* ShoppingListUITests.swift */ = {isa = PBXFileReference; lastKnownFileType = sourcecode.swift; path = ShoppingListUITests.swift; sourceTree = "<group>"; };
		60309A742670F1E000047AD5 /* Info.plist */ = {isa = PBXFileReference; lastKnownFileType = text.plist.xml; path = Info.plist; sourceTree = "<group>"; };
		60DA7C602672566400DB6488 /* ShoppingListDataModel.xcdatamodel */ = {isa = PBXFileReference; lastKnownFileType = wrapper.xcdatamodel; path = ShoppingListDataModel.xcdatamodel; sourceTree = "<group>"; };
		60DA7CA126725D7400DB6488 /* ProductList+CoreDataClass.swift */ = {isa = PBXFileReference; lastKnownFileType = sourcecode.swift; path = "ProductList+CoreDataClass.swift"; sourceTree = "<group>"; };
		60DA7CA226725D7400DB6488 /* ProductList+CoreDataProperties.swift */ = {isa = PBXFileReference; lastKnownFileType = sourcecode.swift; path = "ProductList+CoreDataProperties.swift"; sourceTree = "<group>"; };
/* End PBXFileReference section */

/* Begin PBXFrameworksBuildPhase section */
		60309A4A2670F1DF00047AD5 /* Frameworks */ = {
			isa = PBXFrameworksBuildPhase;
			buildActionMask = 2147483647;
			files = (
			);
			runOnlyForDeploymentPostprocessing = 0;
		};
		60309A602670F1E000047AD5 /* Frameworks */ = {
			isa = PBXFrameworksBuildPhase;
			buildActionMask = 2147483647;
			files = (
			);
			runOnlyForDeploymentPostprocessing = 0;
		};
		60309A6B2670F1E000047AD5 /* Frameworks */ = {
			isa = PBXFrameworksBuildPhase;
			buildActionMask = 2147483647;
			files = (
			);
			runOnlyForDeploymentPostprocessing = 0;
		};
/* End PBXFrameworksBuildPhase section */

/* Begin PBXGroup section */
		60309A442670F1DE00047AD5 = {
			isa = PBXGroup;
			children = (
				60309A4F2670F1DF00047AD5 /* ShoppingList */,
				60309A662670F1E000047AD5 /* ShoppingListTests */,
				60309A712670F1E000047AD5 /* ShoppingListUITests */,
				60309A4E2670F1DF00047AD5 /* Products */,
			);
			sourceTree = "<group>";
		};
		60309A4E2670F1DF00047AD5 /* Products */ = {
			isa = PBXGroup;
			children = (
				60309A4D2670F1DF00047AD5 /* ShoppingList.app */,
				60309A632670F1E000047AD5 /* ShoppingListTests.xctest */,
				60309A6E2670F1E000047AD5 /* ShoppingListUITests.xctest */,
			);
			name = Products;
			sourceTree = "<group>";
		};
		60309A4F2670F1DF00047AD5 /* ShoppingList */ = {
			isa = PBXGroup;
			children = (
				60DA7CA526725D8200DB6488 /* Model */,
				60309A502670F1DF00047AD5 /* AppDelegate.swift */,
				60309A522670F1DF00047AD5 /* SceneDelegate.swift */,
				60309A542670F1DF00047AD5 /* ViewController.swift */,
				60309A562670F1DF00047AD5 /* Main.storyboard */,
				60309A592670F1E000047AD5 /* Assets.xcassets */,
				60309A5B2670F1E000047AD5 /* LaunchScreen.storyboard */,
				60309A5E2670F1E000047AD5 /* Info.plist */,
				60DA7C5F2672566400DB6488 /* ShoppingListDataModel.xcdatamodeld */,
			);
			path = ShoppingList;
			sourceTree = "<group>";
		};
		60309A662670F1E000047AD5 /* ShoppingListTests */ = {
			isa = PBXGroup;
			children = (
				60309A672670F1E000047AD5 /* ShoppingListTests.swift */,
				60309A692670F1E000047AD5 /* Info.plist */,
			);
			path = ShoppingListTests;
			sourceTree = "<group>";
		};
		60309A712670F1E000047AD5 /* ShoppingListUITests */ = {
			isa = PBXGroup;
			children = (
				60309A722670F1E000047AD5 /* ShoppingListUITests.swift */,
				60309A742670F1E000047AD5 /* Info.plist */,
			);
			path = ShoppingListUITests;
			sourceTree = "<group>";
		};
		60DA7CA526725D8200DB6488 /* Model */ = {
			isa = PBXGroup;
			children = (
				60DA7CA126725D7400DB6488 /* ProductList+CoreDataClass.swift */,
				60DA7CA226725D7400DB6488 /* ProductList+CoreDataProperties.swift */,
			);
			path = Model;
			sourceTree = "<group>";
		};
/* End PBXGroup section */

/* Begin PBXNativeTarget section */
		60309A4C2670F1DF00047AD5 /* ShoppingList */ = {
			isa = PBXNativeTarget;
			buildConfigurationList = 60309A772670F1E000047AD5 /* Build configuration list for PBXNativeTarget "ShoppingList" */;
			buildPhases = (
				60309A492670F1DF00047AD5 /* Sources */,
				60309A4A2670F1DF00047AD5 /* Frameworks */,
				60309A4B2670F1DF00047AD5 /* Resources */,
			);
			buildRules = (
			);
			dependencies = (
			);
			name = ShoppingList;
			productName = ShoppingList;
			productReference = 60309A4D2670F1DF00047AD5 /* ShoppingList.app */;
			productType = "com.apple.product-type.application";
		};
		60309A622670F1E000047AD5 /* ShoppingListTests */ = {
			isa = PBXNativeTarget;
			buildConfigurationList = 60309A7A2670F1E000047AD5 /* Build configuration list for PBXNativeTarget "ShoppingListTests" */;
			buildPhases = (
				60309A5F2670F1E000047AD5 /* Sources */,
				60309A602670F1E000047AD5 /* Frameworks */,
				60309A612670F1E000047AD5 /* Resources */,
			);
			buildRules = (
			);
			dependencies = (
				60309A652670F1E000047AD5 /* PBXTargetDependency */,
			);
			name = ShoppingListTests;
			productName = ShoppingListTests;
			productReference = 60309A632670F1E000047AD5 /* ShoppingListTests.xctest */;
			productType = "com.apple.product-type.bundle.unit-test";
		};
		60309A6D2670F1E000047AD5 /* ShoppingListUITests */ = {
			isa = PBXNativeTarget;
			buildConfigurationList = 60309A7D2670F1E000047AD5 /* Build configuration list for PBXNativeTarget "ShoppingListUITests" */;
			buildPhases = (
				60309A6A2670F1E000047AD5 /* Sources */,
				60309A6B2670F1E000047AD5 /* Frameworks */,
				60309A6C2670F1E000047AD5 /* Resources */,
			);
			buildRules = (
			);
			dependencies = (
				60309A702670F1E000047AD5 /* PBXTargetDependency */,
			);
			name = ShoppingListUITests;
			productName = ShoppingListUITests;
			productReference = 60309A6E2670F1E000047AD5 /* ShoppingListUITests.xctest */;
			productType = "com.apple.product-type.bundle.ui-testing";
		};
/* End PBXNativeTarget section */

/* Begin PBXProject section */
		60309A452670F1DE00047AD5 /* Project object */ = {
			isa = PBXProject;
			attributes = {
				LastSwiftUpdateCheck = 1250;
				LastUpgradeCheck = 1250;
				TargetAttributes = {
					60309A4C2670F1DF00047AD5 = {
						CreatedOnToolsVersion = 12.5;
					};
					60309A622670F1E000047AD5 = {
						CreatedOnToolsVersion = 12.5;
						TestTargetID = 60309A4C2670F1DF00047AD5;
					};
					60309A6D2670F1E000047AD5 = {
						CreatedOnToolsVersion = 12.5;
						TestTargetID = 60309A4C2670F1DF00047AD5;
					};
				};
			};
			buildConfigurationList = 60309A482670F1DF00047AD5 /* Build configuration list for PBXProject "ShoppingList" */;
			compatibilityVersion = "Xcode 9.3";
			developmentRegion = en;
			hasScannedForEncodings = 0;
			knownRegions = (
				en,
				Base,
			);
			mainGroup = 60309A442670F1DE00047AD5;
			productRefGroup = 60309A4E2670F1DF00047AD5 /* Products */;
			projectDirPath = "";
			projectRoot = "";
			targets = (
				60309A4C2670F1DF00047AD5 /* ShoppingList */,
				60309A622670F1E000047AD5 /* ShoppingListTests */,
				60309A6D2670F1E000047AD5 /* ShoppingListUITests */,
			);
		};
/* End PBXProject section */

/* Begin PBXResourcesBuildPhase section */
		60309A4B2670F1DF00047AD5 /* Resources */ = {
			isa = PBXResourcesBuildPhase;
			buildActionMask = 2147483647;
			files = (
				60309A5D2670F1E000047AD5 /* LaunchScreen.storyboard in Resources */,
				60309A5A2670F1E000047AD5 /* Assets.xcassets in Resources */,
				60309A582670F1DF00047AD5 /* Main.storyboard in Resources */,
			);
			runOnlyForDeploymentPostprocessing = 0;
		};
		60309A612670F1E000047AD5 /* Resources */ = {
			isa = PBXResourcesBuildPhase;
			buildActionMask = 2147483647;
			files = (
			);
			runOnlyForDeploymentPostprocessing = 0;
		};
		60309A6C2670F1E000047AD5 /* Resources */ = {
			isa = PBXResourcesBuildPhase;
			buildActionMask = 2147483647;
			files = (
			);
			runOnlyForDeploymentPostprocessing = 0;
		};
/* End PBXResourcesBuildPhase section */

/* Begin PBXSourcesBuildPhase section */
		60309A492670F1DF00047AD5 /* Sources */ = {
			isa = PBXSourcesBuildPhase;
			buildActionMask = 2147483647;
			files = (
				60309A552670F1DF00047AD5 /* ViewController.swift in Sources */,
				60DA7C612672566400DB6488 /* ShoppingListDataModel.xcdatamodeld in Sources */,
				60309A512670F1DF00047AD5 /* AppDelegate.swift in Sources */,
				60DA7CA326725D7400DB6488 /* ProductList+CoreDataClass.swift in Sources */,
				60309A532670F1DF00047AD5 /* SceneDelegate.swift in Sources */,
				60DA7CA426725D7400DB6488 /* ProductList+CoreDataProperties.swift in Sources */,
			);
			runOnlyForDeploymentPostprocessing = 0;
		};
		60309A5F2670F1E000047AD5 /* Sources */ = {
			isa = PBXSourcesBuildPhase;
			buildActionMask = 2147483647;
			files = (
				60309A682670F1E000047AD5 /* ShoppingListTests.swift in Sources */,
			);
			runOnlyForDeploymentPostprocessing = 0;
		};
		60309A6A2670F1E000047AD5 /* Sources */ = {
			isa = PBXSourcesBuildPhase;
			buildActionMask = 2147483647;
			files = (
				60309A732670F1E000047AD5 /* ShoppingListUITests.swift in Sources */,
			);
			runOnlyForDeploymentPostprocessing = 0;
		};
/* End PBXSourcesBuildPhase section */

/* Begin PBXTargetDependency section */
		60309A652670F1E000047AD5 /* PBXTargetDependency */ = {
			isa = PBXTargetDependency;
			target = 60309A4C2670F1DF00047AD5 /* ShoppingList */;
			targetProxy = 60309A642670F1E000047AD5 /* PBXContainerItemProxy */;
		};
		60309A702670F1E000047AD5 /* PBXTargetDependency */ = {
			isa = PBXTargetDependency;
			target = 60309A4C2670F1DF00047AD5 /* ShoppingList */;
			targetProxy = 60309A6F2670F1E000047AD5 /* PBXContainerItemProxy */;
		};
/* End PBXTargetDependency section */

/* Begin PBXVariantGroup section */
		60309A562670F1DF00047AD5 /* Main.storyboard */ = {
			isa = PBXVariantGroup;
			children = (
				60309A572670F1DF00047AD5 /* Base */,
			);
			name = Main.storyboard;
			sourceTree = "<group>";
		};
		60309A5B2670F1E000047AD5 /* LaunchScreen.storyboard */ = {
			isa = PBXVariantGroup;
			children = (
				60309A5C2670F1E000047AD5 /* Base */,
			);
			name = LaunchScreen.storyboard;
			sourceTree = "<group>";
		};
/* End PBXVariantGroup section */

/* Begin XCBuildConfiguration section */
		60309A752670F1E000047AD5 /* Debug */ = {
			isa = XCBuildConfiguration;
			buildSettings = {
				ALWAYS_SEARCH_USER_PATHS = NO;
				CLANG_ANALYZER_NONNULL = YES;
				CLANG_ANALYZER_NUMBER_OBJECT_CONVERSION = YES_AGGRESSIVE;
				CLANG_CXX_LANGUAGE_STANDARD = "gnu++14";
				CLANG_CXX_LIBRARY = "libc++";
				CLANG_ENABLE_MODULES = YES;
				CLANG_ENABLE_OBJC_ARC = YES;
				CLANG_ENABLE_OBJC_WEAK = YES;
				CLANG_WARN_BLOCK_CAPTURE_AUTORELEASING = YES;
				CLANG_WARN_BOOL_CONVERSION = YES;
				CLANG_WARN_COMMA = YES;
				CLANG_WARN_CONSTANT_CONVERSION = YES;
				CLANG_WARN_DEPRECATED_OBJC_IMPLEMENTATIONS = YES;
				CLANG_WARN_DIRECT_OBJC_ISA_USAGE = YES_ERROR;
				CLANG_WARN_DOCUMENTATION_COMMENTS = YES;
				CLANG_WARN_EMPTY_BODY = YES;
				CLANG_WARN_ENUM_CONVERSION = YES;
				CLANG_WARN_INFINITE_RECURSION = YES;
				CLANG_WARN_INT_CONVERSION = YES;
				CLANG_WARN_NON_LITERAL_NULL_CONVERSION = YES;
				CLANG_WARN_OBJC_IMPLICIT_RETAIN_SELF = YES;
				CLANG_WARN_OBJC_LITERAL_CONVERSION = YES;
				CLANG_WARN_OBJC_ROOT_CLASS = YES_ERROR;
				CLANG_WARN_QUOTED_INCLUDE_IN_FRAMEWORK_HEADER = YES;
				CLANG_WARN_RANGE_LOOP_ANALYSIS = YES;
				CLANG_WARN_STRICT_PROTOTYPES = YES;
				CLANG_WARN_SUSPICIOUS_MOVE = YES;
				CLANG_WARN_UNGUARDED_AVAILABILITY = YES_AGGRESSIVE;
				CLANG_WARN_UNREACHABLE_CODE = YES;
				CLANG_WARN__DUPLICATE_METHOD_MATCH = YES;
				COPY_PHASE_STRIP = NO;
				DEBUG_INFORMATION_FORMAT = dwarf;
				ENABLE_STRICT_OBJC_MSGSEND = YES;
				ENABLE_TESTABILITY = YES;
				GCC_C_LANGUAGE_STANDARD = gnu11;
				GCC_DYNAMIC_NO_PIC = NO;
				GCC_NO_COMMON_BLOCKS = YES;
				GCC_OPTIMIZATION_LEVEL = 0;
				GCC_PREPROCESSOR_DEFINITIONS = (
					"DEBUG=1",
					"$(inherited)",
				);
				GCC_WARN_64_TO_32_BIT_CONVERSION = YES;
				GCC_WARN_ABOUT_RETURN_TYPE = YES_ERROR;
				GCC_WARN_UNDECLARED_SELECTOR = YES;
				GCC_WARN_UNINITIALIZED_AUTOS = YES_AGGRESSIVE;
				GCC_WARN_UNUSED_FUNCTION = YES;
				GCC_WARN_UNUSED_VARIABLE = YES;
				IPHONEOS_DEPLOYMENT_TARGET = 13.0;
				MTL_ENABLE_DEBUG_INFO = INCLUDE_SOURCE;
				MTL_FAST_MATH = YES;
				ONLY_ACTIVE_ARCH = YES;
				SDKROOT = iphoneos;
				SWIFT_ACTIVE_COMPILATION_CONDITIONS = DEBUG;
				SWIFT_OPTIMIZATION_LEVEL = "-Onone";
			};
			name = Debug;
		};
		60309A762670F1E000047AD5 /* Release */ = {
			isa = XCBuildConfiguration;
			buildSettings = {
				ALWAYS_SEARCH_USER_PATHS = NO;
				CLANG_ANALYZER_NONNULL = YES;
				CLANG_ANALYZER_NUMBER_OBJECT_CONVERSION = YES_AGGRESSIVE;
				CLANG_CXX_LANGUAGE_STANDARD = "gnu++14";
				CLANG_CXX_LIBRARY = "libc++";
				CLANG_ENABLE_MODULES = YES;
				CLANG_ENABLE_OBJC_ARC = YES;
				CLANG_ENABLE_OBJC_WEAK = YES;
				CLANG_WARN_BLOCK_CAPTURE_AUTORELEASING = YES;
				CLANG_WARN_BOOL_CONVERSION = YES;
				CLANG_WARN_COMMA = YES;
				CLANG_WARN_CONSTANT_CONVERSION = YES;
				CLANG_WARN_DEPRECATED_OBJC_IMPLEMENTATIONS = YES;
				CLANG_WARN_DIRECT_OBJC_ISA_USAGE = YES_ERROR;
				CLANG_WARN_DOCUMENTATION_COMMENTS = YES;
				CLANG_WARN_EMPTY_BODY = YES;
				CLANG_WARN_ENUM_CONVERSION = YES;
				CLANG_WARN_INFINITE_RECURSION = YES;
				CLANG_WARN_INT_CONVERSION = YES;
				CLANG_WARN_NON_LITERAL_NULL_CONVERSION = YES;
				CLANG_WARN_OBJC_IMPLICIT_RETAIN_SELF = YES;
				CLANG_WARN_OBJC_LITERAL_CONVERSION = YES;
				CLANG_WARN_OBJC_ROOT_CLASS = YES_ERROR;
				CLANG_WARN_QUOTED_INCLUDE_IN_FRAMEWORK_HEADER = YES;
				CLANG_WARN_RANGE_LOOP_ANALYSIS = YES;
				CLANG_WARN_STRICT_PROTOTYPES = YES;
				CLANG_WARN_SUSPICIOUS_MOVE = YES;
				CLANG_WARN_UNGUARDED_AVAILABILITY = YES_AGGRESSIVE;
				CLANG_WARN_UNREACHABLE_CODE = YES;
				CLANG_WARN__DUPLICATE_METHOD_MATCH = YES;
				COPY_PHASE_STRIP = NO;
				DEBUG_INFORMATION_FORMAT = "dwarf-with-dsym";
				ENABLE_NS_ASSERTIONS = NO;
				ENABLE_STRICT_OBJC_MSGSEND = YES;
				GCC_C_LANGUAGE_STANDARD = gnu11;
				GCC_NO_COMMON_BLOCKS = YES;
				GCC_WARN_64_TO_32_BIT_CONVERSION = YES;
				GCC_WARN_ABOUT_RETURN_TYPE = YES_ERROR;
				GCC_WARN_UNDECLARED_SELECTOR = YES;
				GCC_WARN_UNINITIALIZED_AUTOS = YES_AGGRESSIVE;
				GCC_WARN_UNUSED_FUNCTION = YES;
				GCC_WARN_UNUSED_VARIABLE = YES;
				IPHONEOS_DEPLOYMENT_TARGET = 13.0;
				MTL_ENABLE_DEBUG_INFO = NO;
				MTL_FAST_MATH = YES;
				SDKROOT = iphoneos;
				SWIFT_COMPILATION_MODE = wholemodule;
				SWIFT_OPTIMIZATION_LEVEL = "-O";
				VALIDATE_PRODUCT = YES;
			};
			name = Release;
		};
		60309A782670F1E000047AD5 /* Debug */ = {
			isa = XCBuildConfiguration;
			buildSettings = {
				ASSETCATALOG_COMPILER_APPICON_NAME = AppIcon;
				ASSETCATALOG_COMPILER_GLOBAL_ACCENT_COLOR_NAME = AccentColor;
				CODE_SIGN_STYLE = Automatic;
				DEVELOPMENT_TEAM = 896FRNNR33;
				INFOPLIST_FILE = ShoppingList/Info.plist;
				LD_RUNPATH_SEARCH_PATHS = (
					"$(inherited)",
					"@executable_path/Frameworks",
				);
				PRODUCT_BUNDLE_IDENTIFIER = practice.fsg.ShoppingList;
				PRODUCT_NAME = "$(TARGET_NAME)";
				SWIFT_VERSION = 5.0;
				TARGETED_DEVICE_FAMILY = "1,2";
			};
			name = Debug;
		};
		60309A792670F1E000047AD5 /* Release */ = {
			isa = XCBuildConfiguration;
			buildSettings = {
				ASSETCATALOG_COMPILER_APPICON_NAME = AppIcon;
				ASSETCATALOG_COMPILER_GLOBAL_ACCENT_COLOR_NAME = AccentColor;
				CODE_SIGN_STYLE = Automatic;
				DEVELOPMENT_TEAM = 896FRNNR33;
				INFOPLIST_FILE = ShoppingList/Info.plist;
				LD_RUNPATH_SEARCH_PATHS = (
					"$(inherited)",
					"@executable_path/Frameworks",
				);
				PRODUCT_BUNDLE_IDENTIFIER = practice.fsg.ShoppingList;
				PRODUCT_NAME = "$(TARGET_NAME)";
				SWIFT_VERSION = 5.0;
				TARGETED_DEVICE_FAMILY = "1,2";
			};
			name = Release;
		};
		60309A7B2670F1E000047AD5 /* Debug */ = {
			isa = XCBuildConfiguration;
			buildSettings = {
				ALWAYS_EMBED_SWIFT_STANDARD_LIBRARIES = YES;
				BUNDLE_LOADER = "$(TEST_HOST)";
				CODE_SIGN_STYLE = Automatic;
				DEVELOPMENT_TEAM = 896FRNNR33;
				INFOPLIST_FILE = ShoppingListTests/Info.plist;
				IPHONEOS_DEPLOYMENT_TARGET = 14.5;
				LD_RUNPATH_SEARCH_PATHS = (
					"$(inherited)",
					"@executable_path/Frameworks",
					"@loader_path/Frameworks",
				);
				PRODUCT_BUNDLE_IDENTIFIER = practice.fsg.ShoppingListTests;
				PRODUCT_NAME = "$(TARGET_NAME)";
				SWIFT_VERSION = 5.0;
				TARGETED_DEVICE_FAMILY = "1,2";
				TEST_HOST = "$(BUILT_PRODUCTS_DIR)/ShoppingList.app/ShoppingList";
			};
			name = Debug;
		};
		60309A7C2670F1E000047AD5 /* Release */ = {
			isa = XCBuildConfiguration;
			buildSettings = {
				ALWAYS_EMBED_SWIFT_STANDARD_LIBRARIES = YES;
				BUNDLE_LOADER = "$(TEST_HOST)";
				CODE_SIGN_STYLE = Automatic;
				DEVELOPMENT_TEAM = 896FRNNR33;
				INFOPLIST_FILE = ShoppingListTests/Info.plist;
				IPHONEOS_DEPLOYMENT_TARGET = 14.5;
				LD_RUNPATH_SEARCH_PATHS = (
					"$(inherited)",
					"@executable_path/Frameworks",
					"@loader_path/Frameworks",
				);
				PRODUCT_BUNDLE_IDENTIFIER = practice.fsg.ShoppingListTests;
				PRODUCT_NAME = "$(TARGET_NAME)";
				SWIFT_VERSION = 5.0;
				TARGETED_DEVICE_FAMILY = "1,2";
				TEST_HOST = "$(BUILT_PRODUCTS_DIR)/ShoppingList.app/ShoppingList";
			};
			name = Release;
		};
		60309A7E2670F1E000047AD5 /* Debug */ = {
			isa = XCBuildConfiguration;
			buildSettings = {
				ALWAYS_EMBED_SWIFT_STANDARD_LIBRARIES = YES;
				CODE_SIGN_STYLE = Automatic;
				DEVELOPMENT_TEAM = 896FRNNR33;
				INFOPLIST_FILE = ShoppingListUITests/Info.plist;
				LD_RUNPATH_SEARCH_PATHS = (
					"$(inherited)",
					"@executable_path/Frameworks",
					"@loader_path/Frameworks",
				);
				PRODUCT_BUNDLE_IDENTIFIER = practice.fsg.ShoppingListUITests;
				PRODUCT_NAME = "$(TARGET_NAME)";
				SWIFT_VERSION = 5.0;
				TARGETED_DEVICE_FAMILY = "1,2";
				TEST_TARGET_NAME = ShoppingList;
			};
			name = Debug;
		};
		60309A7F2670F1E000047AD5 /* Release */ = {
			isa = XCBuildConfiguration;
			buildSettings = {
				ALWAYS_EMBED_SWIFT_STANDARD_LIBRARIES = YES;
				CODE_SIGN_STYLE = Automatic;
				DEVELOPMENT_TEAM = 896FRNNR33;
				INFOPLIST_FILE = ShoppingListUITests/Info.plist;
				LD_RUNPATH_SEARCH_PATHS = (
					"$(inherited)",
					"@executable_path/Frameworks",
					"@loader_path/Frameworks",
				);
				PRODUCT_BUNDLE_IDENTIFIER = practice.fsg.ShoppingListUITests;
				PRODUCT_NAME = "$(TARGET_NAME)";
				SWIFT_VERSION = 5.0;
				TARGETED_DEVICE_FAMILY = "1,2";
				TEST_TARGET_NAME = ShoppingList;
			};
			name = Release;
		};
/* End XCBuildConfiguration section */

/* Begin XCConfigurationList section */
		60309A482670F1DF00047AD5 /* Build configuration list for PBXProject "ShoppingList" */ = {
			isa = XCConfigurationList;
			buildConfigurations = (
				60309A752670F1E000047AD5 /* Debug */,
				60309A762670F1E000047AD5 /* Release */,
			);
			defaultConfigurationIsVisible = 0;
			defaultConfigurationName = Release;
		};
		60309A772670F1E000047AD5 /* Build configuration list for PBXNativeTarget "ShoppingList" */ = {
			isa = XCConfigurationList;
			buildConfigurations = (
				60309A782670F1E000047AD5 /* Debug */,
				60309A792670F1E000047AD5 /* Release */,
			);
			defaultConfigurationIsVisible = 0;
			defaultConfigurationName = Release;
		};
		60309A7A2670F1E000047AD5 /* Build configuration list for PBXNativeTarget "ShoppingListTests" */ = {
			isa = XCConfigurationList;
			buildConfigurations = (
				60309A7B2670F1E000047AD5 /* Debug */,
				60309A7C2670F1E000047AD5 /* Release */,
			);
			defaultConfigurationIsVisible = 0;
			defaultConfigurationName = Release;
		};
		60309A7D2670F1E000047AD5 /* Build configuration list for PBXNativeTarget "ShoppingListUITests" */ = {
			isa = XCConfigurationList;
			buildConfigurations = (
				60309A7E2670F1E000047AD5 /* Debug */,
				60309A7F2670F1E000047AD5 /* Release */,
			);
			defaultConfigurationIsVisible = 0;
			defaultConfigurationName = Release;
		};
/* End XCConfigurationList section */

/* Begin XCVersionGroup section */
		60DA7C5F2672566400DB6488 /* ShoppingListDataModel.xcdatamodeld */ = {
			isa = XCVersionGroup;
			children = (
				60DA7C602672566400DB6488 /* ShoppingListDataModel.xcdatamodel */,
			);
			currentVersion = 60DA7C602672566400DB6488 /* ShoppingListDataModel.xcdatamodel */;
			path = ShoppingListDataModel.xcdatamodeld;
			sourceTree = "<group>";
			versionGroupType = wrapper.xcdatamodel;
		};
/* End XCVersionGroup section */
	};
	rootObject = 60309A452670F1DE00047AD5 /* Project object */;
}
